PODS:
  - Flutter (1.0.0)
  - flutter_app_badge (2.0.0):
    - Flutter

DEPENDENCIES:
  - Flutter (from `Flutter`)
  - flutter_app_badge (from `.symlinks/plugins/flutter_app_badge/ios`)

EXTERNAL SOURCES:
  Flutter:
    :path: Flutter
  flutter_app_badge:
    :path: ".symlinks/plugins/flutter_app_badge/ios"

SPEC CHECKSUMS:
  Flutter: f04841e97a9d0b0a8025694d0796dd46242b2854
  flutter_app_badge: edb873d09e1d7eb6a146c12f9a8db260f6465c8d

PODFILE CHECKSUM: 70d9d25280d0dd177a5f637cdb0f0b0b12c6a189

COCOAPODS: 1.12.1
